// !$*UTF8*$!
{
	archiveVersion = 1;
	classes = {
	};
	objectVersion = 50;
	objects = {

/* Begin PBXBuildFile section */
		F7EE04BA24244E70009D8EF9 /* AppDelegate.swift in Sources */ = {isa = PBXBuildFile; fileRef = F7EE04B924244E70009D8EF9 /* AppDelegate.swift */; };
		F7EE04BC24244E70009D8EF9 /* SceneDelegate.swift in Sources */ = {isa = PBXBuildFile; fileRef = F7EE04BB24244E70009D8EF9 /* SceneDelegate.swift */; };
		F7EE04C124244E70009D8EF9 /* Main.storyboard in Resources */ = {isa = PBXBuildFile; fileRef = F7EE04BF24244E70009D8EF9 /* Main.storyboard */; };
		F7EE04C324244E71009D8EF9 /* Assets.xcassets in Resources */ = {isa = PBXBuildFile; fileRef = F7EE04C224244E71009D8EF9 /* Assets.xcassets */; };
		F7EE04C624244E71009D8EF9 /* LaunchScreen.storyboard in Resources */ = {isa = PBXBuildFile; fileRef = F7EE04C424244E71009D8EF9 /* LaunchScreen.storyboard */; };
		F7EE04D4242488FE009D8EF9 /* SearchViewController.swift in Sources */ = {isa = PBXBuildFile; fileRef = F7EE04D3242488FE009D8EF9 /* SearchViewController.swift */; };
		F7EE04D624248B3F009D8EF9 /* GameCell.swift in Sources */ = {isa = PBXBuildFile; fileRef = F7EE04D524248B3F009D8EF9 /* GameCell.swift */; };
		F7EE04D824248E59009D8EF9 /* ThumbnailImageView.swift in Sources */ = {isa = PBXBuildFile; fileRef = F7EE04D724248E59009D8EF9 /* ThumbnailImageView.swift */; };
		F7EE04DA24248E9B009D8EF9 /* Constants.swift in Sources */ = {isa = PBXBuildFile; fileRef = F7EE04D924248E9B009D8EF9 /* Constants.swift */; };
		F7EE04DC242492A0009D8EF9 /* UIView+Ext.swift in Sources */ = {isa = PBXBuildFile; fileRef = F7EE04DB242492A0009D8EF9 /* UIView+Ext.swift */; };
/* End PBXBuildFile section */

/* Begin PBXFileReference section */
		F7EE04B624244E70009D8EF9 /* GamePouch.app */ = {isa = PBXFileReference; explicitFileType = wrapper.application; includeInIndex = 0; path = GamePouch.app; sourceTree = BUILT_PRODUCTS_DIR; };
		F7EE04B924244E70009D8EF9 /* AppDelegate.swift */ = {isa = PBXFileReference; lastKnownFileType = sourcecode.swift; path = AppDelegate.swift; sourceTree = "<group>"; };
		F7EE04BB24244E70009D8EF9 /* SceneDelegate.swift */ = {isa = PBXFileReference; lastKnownFileType = sourcecode.swift; path = SceneDelegate.swift; sourceTree = "<group>"; };
		F7EE04C024244E70009D8EF9 /* Base */ = {isa = PBXFileReference; lastKnownFileType = file.storyboard; name = Base; path = Base.lproj/Main.storyboard; sourceTree = "<group>"; };
		F7EE04C224244E71009D8EF9 /* Assets.xcassets */ = {isa = PBXFileReference; lastKnownFileType = folder.assetcatalog; path = Assets.xcassets; sourceTree = "<group>"; };
		F7EE04C524244E71009D8EF9 /* Base */ = {isa = PBXFileReference; lastKnownFileType = file.storyboard; name = Base; path = Base.lproj/LaunchScreen.storyboard; sourceTree = "<group>"; };
		F7EE04C724244E71009D8EF9 /* Info.plist */ = {isa = PBXFileReference; lastKnownFileType = text.plist.xml; path = Info.plist; sourceTree = "<group>"; };
		F7EE04D3242488FE009D8EF9 /* SearchViewController.swift */ = {isa = PBXFileReference; lastKnownFileType = sourcecode.swift; path = SearchViewController.swift; sourceTree = "<group>"; };
		F7EE04D524248B3F009D8EF9 /* GameCell.swift */ = {isa = PBXFileReference; lastKnownFileType = sourcecode.swift; path = GameCell.swift; sourceTree = "<group>"; };
		F7EE04D724248E59009D8EF9 /* ThumbnailImageView.swift */ = {isa = PBXFileReference; lastKnownFileType = sourcecode.swift; path = ThumbnailImageView.swift; sourceTree = "<group>"; };
		F7EE04D924248E9B009D8EF9 /* Constants.swift */ = {isa = PBXFileReference; lastKnownFileType = sourcecode.swift; path = Constants.swift; sourceTree = "<group>"; };
		F7EE04DB242492A0009D8EF9 /* UIView+Ext.swift */ = {isa = PBXFileReference; lastKnownFileType = sourcecode.swift; path = "UIView+Ext.swift"; sourceTree = "<group>"; };
/* End PBXFileReference section */

/* Begin PBXFrameworksBuildPhase section */
		F7EE04B324244E70009D8EF9 /* Frameworks */ = {
			isa = PBXFrameworksBuildPhase;
			buildActionMask = 2147483647;
			files = (
			);
			runOnlyForDeploymentPostprocessing = 0;
		};
/* End PBXFrameworksBuildPhase section */

/* Begin PBXGroup section */
		F7EE04AD24244E70009D8EF9 = {
			isa = PBXGroup;
			children = (
				F7EE04B824244E70009D8EF9 /* GamePouch */,
				F7EE04B724244E70009D8EF9 /* Products */,
			);
			sourceTree = "<group>";
		};
		F7EE04B724244E70009D8EF9 /* Products */ = {
			isa = PBXGroup;
			children = (
				F7EE04B624244E70009D8EF9 /* GamePouch.app */,
			);
			name = Products;
			sourceTree = "<group>";
		};
		F7EE04B824244E70009D8EF9 /* GamePouch */ = {
			isa = PBXGroup;
			children = (
				F7EE04DE24249368009D8EF9 /* Utilities */,
				F7EE04DD242492A7009D8EF9 /* Extensions */,
				F7EE04B924244E70009D8EF9 /* AppDelegate.swift */,
				F7EE04BB24244E70009D8EF9 /* SceneDelegate.swift */,
				F7EE04BF24244E70009D8EF9 /* Main.storyboard */,
				F7EE04C224244E71009D8EF9 /* Assets.xcassets */,
				F7EE04C424244E71009D8EF9 /* LaunchScreen.storyboard */,
				F7EE04C724244E71009D8EF9 /* Info.plist */,
				F7EE04D3242488FE009D8EF9 /* SearchViewController.swift */,
				F7EE04D524248B3F009D8EF9 /* GameCell.swift */,
				F7EE04D724248E59009D8EF9 /* ThumbnailImageView.swift */,
			);
			path = GamePouch;
			sourceTree = "<group>";
		};
		F7EE04DD242492A7009D8EF9 /* Extensions */ = {
			isa = PBXGroup;
			children = (
				F7EE04DB242492A0009D8EF9 /* UIView+Ext.swift */,
			);
			path = Extensions;
			sourceTree = "<group>";
		};
		F7EE04DE24249368009D8EF9 /* Utilities */ = {
			isa = PBXGroup;
			children = (
				F7EE04D924248E9B009D8EF9 /* Constants.swift */,
			);
			path = Utilities;
			sourceTree = "<group>";
		};
/* End PBXGroup section */

/* Begin PBXNativeTarget section */
		F7EE04B524244E70009D8EF9 /* GamePouch */ = {
			isa = PBXNativeTarget;
			buildConfigurationList = F7EE04CA24244E71009D8EF9 /* Build configuration list for PBXNativeTarget "GamePouch" */;
			buildPhases = (
				F7EE04B224244E70009D8EF9 /* Sources */,
				F7EE04B324244E70009D8EF9 /* Frameworks */,
				F7EE04B424244E70009D8EF9 /* Resources */,
			);
			buildRules = (
			);
			dependencies = (
			);
			name = GamePouch;
			productName = GamePouch;
			productReference = F7EE04B624244E70009D8EF9 /* GamePouch.app */;
			productType = "com.apple.product-type.application";
		};
/* End PBXNativeTarget section */

/* Begin PBXProject section */
		F7EE04AE24244E70009D8EF9 /* Project object */ = {
			isa = PBXProject;
			attributes = {
				LastSwiftUpdateCheck = 1130;
				LastUpgradeCheck = 1130;
				ORGANIZATIONNAME = "Janice Lee";
				TargetAttributes = {
					F7EE04B524244E70009D8EF9 = {
						CreatedOnToolsVersion = 11.3.1;
					};
				};
			};
			buildConfigurationList = F7EE04B124244E70009D8EF9 /* Build configuration list for PBXProject "GamePouch" */;
			compatibilityVersion = "Xcode 9.3";
			developmentRegion = en;
			hasScannedForEncodings = 0;
			knownRegions = (
				en,
				Base,
			);
			mainGroup = F7EE04AD24244E70009D8EF9;
			productRefGroup = F7EE04B724244E70009D8EF9 /* Products */;
			projectDirPath = "";
			projectRoot = "";
			targets = (
				F7EE04B524244E70009D8EF9 /* GamePouch */,
			);
		};
/* End PBXProject section */

/* Begin PBXResourcesBuildPhase section */
		F7EE04B424244E70009D8EF9 /* Resources */ = {
			isa = PBXResourcesBuildPhase;
			buildActionMask = 2147483647;
			files = (
				F7EE04C624244E71009D8EF9 /* LaunchScreen.storyboard in Resources */,
				F7EE04C324244E71009D8EF9 /* Assets.xcassets in Resources */,
				F7EE04C124244E70009D8EF9 /* Main.storyboard in Resources */,
			);
			runOnlyForDeploymentPostprocessing = 0;
		};
/* End PBXResourcesBuildPhase section */

/* Begin PBXSourcesBuildPhase section */
		F7EE04B224244E70009D8EF9 /* Sources */ = {
			isa = PBXSourcesBuildPhase;
			buildActionMask = 2147483647;
			files = (
				F7EE04D4242488FE009D8EF9 /* SearchViewController.swift in Sources */,
				F7EE04D824248E59009D8EF9 /* ThumbnailImageView.swift in Sources */,
				F7EE04BA24244E70009D8EF9 /* AppDelegate.swift in Sources */,
				F7EE04BC24244E70009D8EF9 /* SceneDelegate.swift in Sources */,
				F7EE04DC242492A0009D8EF9 /* UIView+Ext.swift in Sources */,
				F7EE04D624248B3F009D8EF9 /* GameCell.swift in Sources */,
				F7EE04DA24248E9B009D8EF9 /* Constants.swift in Sources */,
			);
			runOnlyForDeploymentPostprocessing = 0;
		};
/* End PBXSourcesBuildPhase section */

/* Begin PBXVariantGroup section */
		F7EE04BF24244E70009D8EF9 /* Main.storyboard */ = {
			isa = PBXVariantGroup;
			children = (
				F7EE04C024244E70009D8EF9 /* Base */,
			);
			name = Main.storyboard;
			sourceTree = "<group>";
		};
		F7EE04C424244E71009D8EF9 /* LaunchScreen.storyboard */ = {
			isa = PBXVariantGroup;
			children = (
				F7EE04C524244E71009D8EF9 /* Base */,
			);
			name = LaunchScreen.storyboard;
			sourceTree = "<group>";
		};
/* End PBXVariantGroup section */

/* Begin XCBuildConfiguration section */
		F7EE04C824244E71009D8EF9 /* Debug */ = {
			isa = XCBuildConfiguration;
			buildSettings = {
				ALWAYS_SEARCH_USER_PATHS = NO;
				CLANG_ANALYZER_NONNULL = YES;
				CLANG_ANALYZER_NUMBER_OBJECT_CONVERSION = YES_AGGRESSIVE;
				CLANG_CXX_LANGUAGE_STANDARD = "gnu++14";
				CLANG_CXX_LIBRARY = "libc++";
				CLANG_ENABLE_MODULES = YES;
				CLANG_ENABLE_OBJC_ARC = YES;
				CLANG_ENABLE_OBJC_WEAK = YES;
				CLANG_WARN_BLOCK_CAPTURE_AUTORELEASING = YES;
				CLANG_WARN_BOOL_CONVERSION = YES;
				CLANG_WARN_COMMA = YES;
				CLANG_WARN_CONSTANT_CONVERSION = YES;
				CLANG_WARN_DEPRECATED_OBJC_IMPLEMENTATIONS = YES;
				CLANG_WARN_DIRECT_OBJC_ISA_USAGE = YES_ERROR;
				CLANG_WARN_DOCUMENTATION_COMMENTS = YES;
				CLANG_WARN_EMPTY_BODY = YES;
				CLANG_WARN_ENUM_CONVERSION = YES;
				CLANG_WARN_INFINITE_RECURSION = YES;
				CLANG_WARN_INT_CONVERSION = YES;
				CLANG_WARN_NON_LITERAL_NULL_CONVERSION = YES;
				CLANG_WARN_OBJC_IMPLICIT_RETAIN_SELF = YES;
				CLANG_WARN_OBJC_LITERAL_CONVERSION = YES;
				CLANG_WARN_OBJC_ROOT_CLASS = YES_ERROR;
				CLANG_WARN_RANGE_LOOP_ANALYSIS = YES;
				CLANG_WARN_STRICT_PROTOTYPES = YES;
				CLANG_WARN_SUSPICIOUS_MOVE = YES;
				CLANG_WARN_UNGUARDED_AVAILABILITY = YES_AGGRESSIVE;
				CLANG_WARN_UNREACHABLE_CODE = YES;
				CLANG_WARN__DUPLICATE_METHOD_MATCH = YES;
				COPY_PHASE_STRIP = NO;
				DEBUG_INFORMATION_FORMAT = dwarf;
				ENABLE_STRICT_OBJC_MSGSEND = YES;
				ENABLE_TESTABILITY = YES;
				GCC_C_LANGUAGE_STANDARD = gnu11;
				GCC_DYNAMIC_NO_PIC = NO;
				GCC_NO_COMMON_BLOCKS = YES;
				GCC_OPTIMIZATION_LEVEL = 0;
				GCC_PREPROCESSOR_DEFINITIONS = (
					"DEBUG=1",
					"$(inherited)",
				);
				GCC_WARN_64_TO_32_BIT_CONVERSION = YES;
				GCC_WARN_ABOUT_RETURN_TYPE = YES_ERROR;
				GCC_WARN_UNDECLARED_SELECTOR = YES;
				GCC_WARN_UNINITIALIZED_AUTOS = YES_AGGRESSIVE;
				GCC_WARN_UNUSED_FUNCTION = YES;
				GCC_WARN_UNUSED_VARIABLE = YES;
				IPHONEOS_DEPLOYMENT_TARGET = 13.2;
				MTL_ENABLE_DEBUG_INFO = INCLUDE_SOURCE;
				MTL_FAST_MATH = YES;
				ONLY_ACTIVE_ARCH = YES;
				SDKROOT = iphoneos;
				SWIFT_ACTIVE_COMPILATION_CONDITIONS = DEBUG;
				SWIFT_OPTIMIZATION_LEVEL = "-Onone";
			};
			name = Debug;
		};
		F7EE04C924244E71009D8EF9 /* Release */ = {
			isa = XCBuildConfiguration;
			buildSettings = {
				ALWAYS_SEARCH_USER_PATHS = NO;
				CLANG_ANALYZER_NONNULL = YES;
				CLANG_ANALYZER_NUMBER_OBJECT_CONVERSION = YES_AGGRESSIVE;
				CLANG_CXX_LANGUAGE_STANDARD = "gnu++14";
				CLANG_CXX_LIBRARY = "libc++";
				CLANG_ENABLE_MODULES = YES;
				CLANG_ENABLE_OBJC_ARC = YES;
				CLANG_ENABLE_OBJC_WEAK = YES;
				CLANG_WARN_BLOCK_CAPTURE_AUTORELEASING = YES;
				CLANG_WARN_BOOL_CONVERSION = YES;
				CLANG_WARN_COMMA = YES;
				CLANG_WARN_CONSTANT_CONVERSION = YES;
				CLANG_WARN_DEPRECATED_OBJC_IMPLEMENTATIONS = YES;
				CLANG_WARN_DIRECT_OBJC_ISA_USAGE = YES_ERROR;
				CLANG_WARN_DOCUMENTATION_COMMENTS = YES;
				CLANG_WARN_EMPTY_BODY = YES;
				CLANG_WARN_ENUM_CONVERSION = YES;
				CLANG_WARN_INFINITE_RECURSION = YES;
				CLANG_WARN_INT_CONVERSION = YES;
				CLANG_WARN_NON_LITERAL_NULL_CONVERSION = YES;
				CLANG_WARN_OBJC_IMPLICIT_RETAIN_SELF = YES;
				CLANG_WARN_OBJC_LITERAL_CONVERSION = YES;
				CLANG_WARN_OBJC_ROOT_CLASS = YES_ERROR;
				CLANG_WARN_RANGE_LOOP_ANALYSIS = YES;
				CLANG_WARN_STRICT_PROTOTYPES = YES;
				CLANG_WARN_SUSPICIOUS_MOVE = YES;
				CLANG_WARN_UNGUARDED_AVAILABILITY = YES_AGGRESSIVE;
				CLANG_WARN_UNREACHABLE_CODE = YES;
				CLANG_WARN__DUPLICATE_METHOD_MATCH = YES;
				COPY_PHASE_STRIP = NO;
				DEBUG_INFORMATION_FORMAT = "dwarf-with-dsym";
				ENABLE_NS_ASSERTIONS = NO;
				ENABLE_STRICT_OBJC_MSGSEND = YES;
				GCC_C_LANGUAGE_STANDARD = gnu11;
				GCC_NO_COMMON_BLOCKS = YES;
				GCC_WARN_64_TO_32_BIT_CONVERSION = YES;
				GCC_WARN_ABOUT_RETURN_TYPE = YES_ERROR;
				GCC_WARN_UNDECLARED_SELECTOR = YES;
				GCC_WARN_UNINITIALIZED_AUTOS = YES_AGGRESSIVE;
				GCC_WARN_UNUSED_FUNCTION = YES;
				GCC_WARN_UNUSED_VARIABLE = YES;
				IPHONEOS_DEPLOYMENT_TARGET = 13.2;
				MTL_ENABLE_DEBUG_INFO = NO;
				MTL_FAST_MATH = YES;
				SDKROOT = iphoneos;
				SWIFT_COMPILATION_MODE = wholemodule;
				SWIFT_OPTIMIZATION_LEVEL = "-O";
				VALIDATE_PRODUCT = YES;
			};
			name = Release;
		};
		F7EE04CB24244E71009D8EF9 /* Debug */ = {
			isa = XCBuildConfiguration;
			buildSettings = {
				ASSETCATALOG_COMPILER_APPICON_NAME = AppIcon;
				CODE_SIGN_STYLE = Automatic;
				DEVELOPMENT_TEAM = SA29F4NK83;
				INFOPLIST_FILE = GamePouch/Info.plist;
				LD_RUNPATH_SEARCH_PATHS = (
					"$(inherited)",
					"@executable_path/Frameworks",
				);
				PRODUCT_BUNDLE_IDENTIFIER = com.jlee.GamePouch;
				PRODUCT_NAME = "$(TARGET_NAME)";
				SWIFT_VERSION = 5.0;
				TARGETED_DEVICE_FAMILY = "1,2";
			};
			name = Debug;
		};
		F7EE04CC24244E71009D8EF9 /* Release */ = {
			isa = XCBuildConfiguration;
			buildSettings = {
				ASSETCATALOG_COMPILER_APPICON_NAME = AppIcon;
				CODE_SIGN_STYLE = Automatic;
				DEVELOPMENT_TEAM = SA29F4NK83;
				INFOPLIST_FILE = GamePouch/Info.plist;
				LD_RUNPATH_SEARCH_PATHS = (
					"$(inherited)",
					"@executable_path/Frameworks",
				);
				PRODUCT_BUNDLE_IDENTIFIER = com.jlee.GamePouch;
				PRODUCT_NAME = "$(TARGET_NAME)";
				SWIFT_VERSION = 5.0;
				TARGETED_DEVICE_FAMILY = "1,2";
			};
			name = Release;
		};
/* End XCBuildConfiguration section */

/* Begin XCConfigurationList section */
		F7EE04B124244E70009D8EF9 /* Build configuration list for PBXProject "GamePouch" */ = {
			isa = XCConfigurationList;
			buildConfigurations = (
				F7EE04C824244E71009D8EF9 /* Debug */,
				F7EE04C924244E71009D8EF9 /* Release */,
			);
			defaultConfigurationIsVisible = 0;
			defaultConfigurationName = Release;
		};
		F7EE04CA24244E71009D8EF9 /* Build configuration list for PBXNativeTarget "GamePouch" */ = {
			isa = XCConfigurationList;
			buildConfigurations = (
				F7EE04CB24244E71009D8EF9 /* Debug */,
				F7EE04CC24244E71009D8EF9 /* Release */,
			);
			defaultConfigurationIsVisible = 0;
			defaultConfigurationName = Release;
		};
/* End XCConfigurationList section */
	};
	rootObject = F7EE04AE24244E70009D8EF9 /* Project object */;
}
